{
    "version": 3,
    "terraform_version": "0.8.3",
    "serial": 13,
    "lineage": "60c32eff-20d0-4501-945e-7f7712b342a1",
    "modules": [
        {
            "path": [
                "root"
            ],
            "outputs": {
                "ip": {
                    "sensitive": false,
                    "type": "string",
                    "value": "52.20.222.189"
                }
            },
            "resources": {
                "aws_eip.ip": {
                    "type": "aws_eip",
                    "depends_on": [
                        "aws_instance.example"
                    ],
                    "primary": {
                        "id": "eipalloc-5fb3176e",
                        "attributes": {
                            "association_id": "eipassoc-1cbddf2d",
                            "domain": "vpc",
                            "id": "eipalloc-5fb3176e",
                            "instance": "i-041e436a08ffbfc6c",
                            "network_interface": "eni-4e63c789",
                            "private_ip": "172.31.28.245",
                            "public_ip": "52.20.222.189",
                            "vpc": "true"
                        },
                        "meta": {},
                        "tainted": false
                    },
                    "deposed": [],
                    "provider": ""
                },
                "aws_instance.example": {
                    "type": "aws_instance",
                    "depends_on": [
                        "aws_key_pair.brad"
                    ],
                    "primary": {
                        "id": "i-041e436a08ffbfc6c",
                        "attributes": {
                            "ami": "ami-0b33d91d",
                            "associate_public_ip_address": "true",
                            "availability_zone": "us-east-1c",
                            "disable_api_termination": "false",
                            "ebs_block_device.#": "0",
                            "ebs_optimized": "false",
                            "ephemeral_block_device.#": "0",
                            "iam_instance_profile": "",
                            "id": "i-041e436a08ffbfc6c",
                            "instance_state": "running",
                            "instance_type": "t2.micro",
                            "key_name": "terraform-003bbe1ca3b742089b6becee30",
                            "monitoring": "false",
                            "network_interface_id": "eni-4e63c789",
                            "private_dns": "ip-172-31-28-245.ec2.internal",
                            "private_ip": "172.31.28.245",
                            "public_dns": "ec2-107-23-241-24.compute-1.amazonaws.com",
                            "public_ip": "107.23.241.24",
                            "root_block_device.#": "1",
                            "root_block_device.0.delete_on_termination": "true",
                            "root_block_device.0.iops": "100",
                            "root_block_device.0.volume_size": "8",
                            "root_block_device.0.volume_type": "gp2",
                            "security_groups.#": "0",
                            "source_dest_check": "true",
                            "subnet_id": "subnet-1bf19f40",
                            "tags.%": "0",
                            "tenancy": "default",
                            "vpc_security_group_ids.#": "1",
                            "vpc_security_group_ids.539585572": "sg-66ff061a"
                        },
                        "meta": {
                            "schema_version": "1"
                        },
                        "tainted": false
                    },
                    "deposed": [],
                    "provider": ""
                },
                "aws_key_pair.brad": {
                    "type": "aws_key_pair",
                    "depends_on": [],
                    "primary": {
                        "id": "terraform-003bbe1ca3b742089b6becee30",
                        "attributes": {
                            "id": "terraform-003bbe1ca3b742089b6becee30",
                            "key_name": "terraform-003bbe1ca3b742089b6becee30",
                            "public_key": "ssh-rsa AAAAB3NzaC1yc2EAAAADAQABAAABAQCv4t93n9yoQESRL+uP1u0HiuaV2ZNTU4PAK1gvXyo2010pgnetQSmJ3VUhp8SUEflk4s34MkXXSJ24rFh+4a/Z2j67n7cybwoqIaV007/BeTqoBMj2ZV2sgFbvMULYxS3cDOGCy9PC+F639iPpKT9osRYgVj3XDswH7wed6Mg324QsQQK1B7wKqg0F9NXGHuCo//Q3pDTsRUjm5HqUNPJZEPHXdNWM1M/4nf6ic3LuFygT4zhUYzxN5w83Dxi2MGYIEIjQQ473xHFR94t8ooK0n6QuOTf1qMM0RnrrrzDHfYqR2mn5Gp8nXKL6Z27hAq4yNiNGJZDLYY2j/f2YOlUt chamby@gmail.com"
                        },
                        "meta": {
                            "schema_version": "1"
                        },
                        "tainted": false
                    },
                    "deposed": [],
                    "provider": ""
                }
            },
            "depends_on": []
        }
    ]
}
