{
    "version": 3,
    "terraform_version": "0.8.3",
    "serial": 4,
    "lineage": "9c2bb0cd-5bec-4336-ac62-e616dbe6c598",
    "modules": [
        {
            "path": [
                "root"
            ],
            "outputs": {},
            "resources": {
                "aws_autoscaling_group.chambyweb-asg": {
                    "type": "aws_autoscaling_group",
                    "depends_on": [
                        "aws_elb.chambyweb-elb",
                        "aws_launch_configuration.chambyweb-lc"
                    ],
                    "primary": {
                        "id": "chambyweb-us-east",
                        "attributes": {
                            "arn": "arn:aws:autoscaling:us-east-1:759479241400:autoScalingGroup:37a90733-cfaf-489e-aa4f-e0076570a937:autoScalingGroupName/chambyweb-us-east",
                            "availability_zones.#": "3",
                            "availability_zones.1305112097": "us-east-1b",
                            "availability_zones.3569565595": "us-east-1a",
                            "availability_zones.986537655": "us-east-1c",
                            "default_cooldown": "300",
                            "desired_capacity": "2",
                            "force_delete": "true",
                            "health_check_grace_period": "300",
                            "health_check_type": "EC2",
                            "id": "chambyweb-us-east",
                            "launch_configuration": "chambyweb-lc",
                            "load_balancers.#": "1",
                            "load_balancers.40763859": "chambyweb-elb",
                            "max_size": "4",
                            "metrics_granularity": "1Minute",
                            "min_size": "2",
                            "name": "chambyweb-us-east",
                            "placement_group": "",
                            "protect_from_scale_in": "false",
                            "suspended_processes.#": "0",
                            "tag.#": "0",
                            "target_group_arns.#": "0",
                            "termination_policies.#": "0",
                            "vpc_zone_identifier.#": "1",
                            "vpc_zone_identifier.0": "",
                            "wait_for_capacity_timeout": "10m"
                        },
                        "meta": {},
                        "tainted": false
                    },
                    "deposed": [],
                    "provider": ""
                },
                "aws_elb.chambyweb-elb": {
                    "type": "aws_elb",
                    "depends_on": [],
                    "primary": {
                        "id": "chambyweb-elb",
                        "attributes": {
                            "access_logs.#": "0",
                            "availability_zones.#": "3",
                            "availability_zones.1305112097": "us-east-1b",
                            "availability_zones.3569565595": "us-east-1a",
                            "availability_zones.986537655": "us-east-1c",
                            "connection_draining": "false",
                            "connection_draining_timeout": "300",
                            "cross_zone_load_balancing": "true",
                            "dns_name": "chambyweb-elb-1063374401.us-east-1.elb.amazonaws.com",
                            "health_check.#": "1",
                            "health_check.0.healthy_threshold": "2",
                            "health_check.0.interval": "30",
                            "health_check.0.target": "HTTP:80/",
                            "health_check.0.timeout": "3",
                            "health_check.0.unhealthy_threshold": "2",
                            "id": "chambyweb-elb",
                            "idle_timeout": "60",
                            "instances.#": "2",
                            "instances.1385393878": "i-0abf5d6fe396e6b8f",
                            "instances.3993759779": "i-0e25e013713ffce66",
                            "internal": "false",
                            "listener.#": "1",
                            "listener.3057123346.instance_port": "80",
                            "listener.3057123346.instance_protocol": "http",
                            "listener.3057123346.lb_port": "80",
                            "listener.3057123346.lb_protocol": "http",
                            "listener.3057123346.ssl_certificate_id": "",
                            "name": "chambyweb-elb",
                            "security_groups.#": "1",
                            "security_groups.2668995984": "sg-9fe4c4e3",
                            "source_security_group": "759479241400/default_elb_baeead41-0e46-304d-a5e4-733ff087af45",
                            "source_security_group_id": "sg-9fe4c4e3",
                            "subnets.#": "3",
                            "subnets.3466629048": "subnet-0492b44d",
                            "subnets.3880088777": "subnet-1bf19f40",
                            "subnets.41893615": "subnet-76b9c95b",
                            "tags.%": "0",
                            "zone_id": "Z35SXDOTRQ7X7K"
                        },
                        "meta": {},
                        "tainted": false
                    },
                    "deposed": [],
                    "provider": ""
                },
                "aws_launch_configuration.chambyweb-lc": {
                    "type": "aws_launch_configuration",
                    "depends_on": [
                        "aws_security_group.allow-http"
                    ],
                    "primary": {
                        "id": "chambyweb-lc",
                        "attributes": {
                            "associate_public_ip_address": "false",
                            "ebs_block_device.#": "0",
                            "ebs_optimized": "false",
                            "enable_monitoring": "true",
                            "ephemeral_block_device.#": "0",
                            "iam_instance_profile": "",
                            "id": "chambyweb-lc",
                            "image_id": "ami-82a67294",
                            "instance_type": "t2.micro",
                            "key_name": "chambyweb",
                            "name": "chambyweb-lc",
                            "root_block_device.#": "0",
                            "security_groups.#": "1",
                            "security_groups.143178759": "sg-ac7b99d3",
                            "spot_price": "",
                            "vpc_classic_link_id": "",
                            "vpc_classic_link_security_groups.#": "0"
                        },
                        "meta": {},
                        "tainted": false
                    },
                    "deposed": [],
                    "provider": ""
                },
                "aws_route53_record.www": {
                    "type": "aws_route53_record",
                    "depends_on": [
                        "aws_elb.chambyweb-elb"
                    ],
                    "primary": {
                        "id": "Z36Z4PT7NFJUY_www.chamby.io_CNAME",
                        "attributes": {
                            "fqdn": "www.chamby.io",
                            "health_check_id": "",
                            "id": "Z36Z4PT7NFJUY_www.chamby.io_CNAME",
                            "name": "www.chamby.io",
                            "records.#": "1",
                            "records.4229446220": "chambyweb-elb-1063374401.us-east-1.elb.amazonaws.com",
                            "set_identifier": "",
                            "ttl": "300",
                            "type": "CNAME",
                            "zone_id": "Z36Z4PT7NFJUY"
                        },
                        "meta": {
                            "schema_version": "2"
                        },
                        "tainted": false
                    },
                    "deposed": [],
                    "provider": ""
                },
                "aws_security_group.allow-http": {
                    "type": "aws_security_group",
                    "depends_on": [],
                    "primary": {
                        "id": "sg-ac7b99d3",
                        "attributes": {
                            "description": "Allow HTTP traffic to LB",
                            "egress.#": "1",
                            "egress.482069346.cidr_blocks.#": "1",
                            "egress.482069346.cidr_blocks.0": "0.0.0.0/0",
                            "egress.482069346.from_port": "0",
                            "egress.482069346.prefix_list_ids.#": "0",
                            "egress.482069346.protocol": "-1",
                            "egress.482069346.security_groups.#": "0",
                            "egress.482069346.self": "false",
                            "egress.482069346.to_port": "0",
                            "id": "sg-ac7b99d3",
                            "ingress.#": "2",
                            "ingress.2214680975.cidr_blocks.#": "1",
                            "ingress.2214680975.cidr_blocks.0": "0.0.0.0/0",
                            "ingress.2214680975.from_port": "80",
                            "ingress.2214680975.protocol": "tcp",
                            "ingress.2214680975.security_groups.#": "0",
                            "ingress.2214680975.self": "false",
                            "ingress.2214680975.to_port": "80",
                            "ingress.2541437006.cidr_blocks.#": "1",
                            "ingress.2541437006.cidr_blocks.0": "0.0.0.0/0",
                            "ingress.2541437006.from_port": "22",
                            "ingress.2541437006.protocol": "tcp",
                            "ingress.2541437006.security_groups.#": "0",
                            "ingress.2541437006.self": "false",
                            "ingress.2541437006.to_port": "22",
                            "name": "allow-http",
                            "owner_id": "759479241400",
                            "tags.%": "1",
                            "tags.Name": "chambyweb",
                            "vpc_id": "vpc-da308cbc"
                        },
                        "meta": {},
                        "tainted": false
                    },
                    "deposed": [],
                    "provider": ""
                }
            },
            "depends_on": []
        }
    ]
}
